
Microsoft Visual Studio Solution File, Format Version 12.00
# Visual Studio 15
VisualStudioVersion = 15.0.28307.271
MinimumVisualStudioVersion = 10.0.40219.1
Project("{FAE04EC0-301F-11D3-BF4B-00C04F79EFBC}") = "TesteUDS", "TesteUDS\TesteUDS.csproj", "{C9070D23-57DC-42BD-9A8F-279F928F11B2}"
EndProject
Project("{00D1A9C2-B5F0-4AF3-8072-F6C62B433612}") = "DbTesteUDS", "DbTesteUDS\DbTesteUDS.sqlproj", "{0FD2FB7C-28C3-4ED0-A5A0-1490A84C3791}"
EndProject
Global
	GlobalSection(SolutionConfigurationPlatforms) = preSolution
		Debug|Any CPU = Debug|Any CPU
		Release|Any CPU = Release|Any CPU
	EndGlobalSection
	GlobalSection(ProjectConfigurationPlatforms) = postSolution
		{C9070D23-57DC-42BD-9A8F-279F928F11B2}.Debug|Any CPU.ActiveCfg = Debug|Any CPU
		{C9070D23-57DC-42BD-9A8F-279F928F11B2}.Debug|Any CPU.Build.0 = Debug|Any CPU
		{C9070D23-57DC-42BD-9A8F-279F928F11B2}.Release|Any CPU.ActiveCfg = Release|Any CPU
		{C9070D23-57DC-42BD-9A8F-279F928F11B2}.Release|Any CPU.Build.0 = Release|Any CPU
		{0FD2FB7C-28C3-4ED0-A5A0-1490A84C3791}.Debug|Any CPU.ActiveCfg = Debug|Any CPU
		{0FD2FB7C-28C3-4ED0-A5A0-1490A84C3791}.Debug|Any CPU.Build.0 = Debug|Any CPU
		{0FD2FB7C-28C3-4ED0-A5A0-1490A84C3791}.Debug|Any CPU.Deploy.0 = Debug|Any CPU
		{0FD2FB7C-28C3-4ED0-A5A0-1490A84C3791}.Release|Any CPU.ActiveCfg = Release|Any CPU
		{0FD2FB7C-28C3-4ED0-A5A0-1490A84C3791}.Release|Any CPU.Build.0 = Release|Any CPU
		{0FD2FB7C-28C3-4ED0-A5A0-1490A84C3791}.Release|Any CPU.Deploy.0 = Release|Any CPU
	EndGlobalSection
	GlobalSection(SolutionProperties) = preSolution
		HideSolutionNode = FALSE
	EndGlobalSection
	GlobalSection(ExtensibilityGlobals) = postSolution
		SolutionGuid = {243F0FA4-0A15-4279-8C6B-4EAD106AEDA8}
	EndGlobalSection
EndGlobal
